{
  "version": 4,
  "terraform_version": "1.1.9",
  "serial": 6,
  "lineage": "78e299c0-1999-f621-d8e8-5cf310ef470e",
  "outputs": {},
  "resources": [
    {
      "mode": "managed",
      "type": "yandex_vpc_subnet",
      "name": "lab-subnet-a",
      "provider": "provider[\"registry.terraform.io/yandex-cloud/yandex\"]",
      "instances": [
        {
          "schema_version": 0,
          "attributes": {
            "created_at": "2022-12-01T13:43:05Z",
            "description": "",
            "dhcp_options": [],
            "folder_id": "b1g0hp3qva9a5407jn2e",
            "id": "e9b7endi2v1f90jr9jhe",
            "labels": {},
            "name": "",
            "network_id": "enp70u58qbodbpk9b837",
            "route_table_id": "",
            "timeouts": null,
            "v4_cidr_blocks": [
              "10.2.0.0/16"
            ],
            "v6_cidr_blocks": [],
            "zone": "ru-central1-a"
          },
          "sensitive_attributes": [],
          "private": "eyJlMmJmYjczMC1lY2FhLTExZTYtOGY4OC0zNDM2M2JjN2M0YzAiOnsiY3JlYXRlIjoxODAwMDAwMDAwMDAsImRlbGV0ZSI6MTgwMDAwMDAwMDAwLCJ1cGRhdGUiOjE4MDAwMDAwMDAwMH19"
        }
      ]
    }
  ]
}
